
Microsoft Visual Studio Solution File, Format Version 12.00
# Visual Studio Version 17
VisualStudioVersion = 17.6.33815.320
MinimumVisualStudioVersion = 10.0.40219.1
Project("{8BC9CEB8-8B4A-11D0-8D11-00A0C91BC942}") = "aircraftgame", "aircraftgame\aircraftgame.vcxproj", "{EBBDA975-76CB-4003-BE1D-C94A36E606FB}"
EndProject
Global
	GlobalSection(SolutionConfigurationPlatforms) = preSolution
		Debug|x64 = Debug|x64
		Debug|x86 = Debug|x86
		Release|x64 = Release|x64
		Release|x86 = Release|x86
	EndGlobalSection
	GlobalSection(ProjectConfigurationPlatforms) = postSolution
		{EBBDA975-76CB-4003-BE1D-C94A36E606FB}.Debug|x64.ActiveCfg = Debug|x64
		{EBBDA975-76CB-4003-BE1D-C94A36E606FB}.Debug|x64.Build.0 = Debug|x64
		{EBBDA975-76CB-4003-BE1D-C94A36E606FB}.Debug|x86.ActiveCfg = Debug|Win32
		{EBBDA975-76CB-4003-BE1D-C94A36E606FB}.Debug|x86.Build.0 = Debug|Win32
		{EBBDA975-76CB-4003-BE1D-C94A36E606FB}.Release|x64.ActiveCfg = Release|x64
		{EBBDA975-76CB-4003-BE1D-C94A36E606FB}.Release|x64.Build.0 = Release|x64
		{EBBDA975-76CB-4003-BE1D-C94A36E606FB}.Release|x86.ActiveCfg = Release|Win32
		{EBBDA975-76CB-4003-BE1D-C94A36E606FB}.Release|x86.Build.0 = Release|Win32
	EndGlobalSection
	GlobalSection(SolutionProperties) = preSolution
		HideSolutionNode = FALSE
	EndGlobalSection
	GlobalSection(ExtensibilityGlobals) = postSolution
		SolutionGuid = {17D3CC0B-F807-42D2-8763-9C56A63296D1}
	EndGlobalSection
EndGlobal
